
Microsoft Visual Studio Solution File, Format Version 12.00
# Visual Studio Version 16
VisualStudioVersion = 16.0.32630.195
MinimumVisualStudioVersion = 10.0.40219.1
Project("{FAE04EC0-301F-11D3-BF4B-00C04F79EFBC}") = "CrudApplication", "CrudApplication\CrudApplication.csproj", "{9FF72048-318D-4C2D-83C7-6C9930D487AD}"
EndProject
Global
	GlobalSection(SolutionConfigurationPlatforms) = preSolution
		Debug|Any CPU = Debug|Any CPU
		Release|Any CPU = Release|Any CPU
	EndGlobalSection
	GlobalSection(ProjectConfigurationPlatforms) = postSolution
		{9FF72048-318D-4C2D-83C7-6C9930D487AD}.Debug|Any CPU.ActiveCfg = Debug|Any CPU
		{9FF72048-318D-4C2D-83C7-6C9930D487AD}.Debug|Any CPU.Build.0 = Debug|Any CPU
		{9FF72048-318D-4C2D-83C7-6C9930D487AD}.Release|Any CPU.ActiveCfg = Release|Any CPU
		{9FF72048-318D-4C2D-83C7-6C9930D487AD}.Release|Any CPU.Build.0 = Release|Any CPU
	EndGlobalSection
	GlobalSection(SolutionProperties) = preSolution
		HideSolutionNode = FALSE
	EndGlobalSection
	GlobalSection(ExtensibilityGlobals) = postSolution
		SolutionGuid = {A402D926-FA1F-4F9B-878F-F7E2EA71750F}
	EndGlobalSection
EndGlobal
